
Microsoft Visual Studio Solution File, Format Version 12.00
# Visual Studio Version 16
VisualStudioVersion = 16.0.30804.86
MinimumVisualStudioVersion = 10.0.40219.1
Project("{FAE04EC0-301F-11D3-BF4B-00C04F79EFBC}") = "Actividades", "Actividades.csproj", "{FEBDA963-1667-4127-8D6F-57309405DC3A}"
EndProject
Global
	GlobalSection(SolutionConfigurationPlatforms) = preSolution
		Debug|Any CPU = Debug|Any CPU
		Release|Any CPU = Release|Any CPU
	EndGlobalSection
	GlobalSection(ProjectConfigurationPlatforms) = postSolution
		{FEBDA963-1667-4127-8D6F-57309405DC3A}.Debug|Any CPU.ActiveCfg = Debug|Any CPU
		{FEBDA963-1667-4127-8D6F-57309405DC3A}.Debug|Any CPU.Build.0 = Debug|Any CPU
		{FEBDA963-1667-4127-8D6F-57309405DC3A}.Release|Any CPU.ActiveCfg = Release|Any CPU
		{FEBDA963-1667-4127-8D6F-57309405DC3A}.Release|Any CPU.Build.0 = Release|Any CPU
	EndGlobalSection
	GlobalSection(SolutionProperties) = preSolution
		HideSolutionNode = FALSE
	EndGlobalSection
	GlobalSection(ExtensibilityGlobals) = postSolution
		SolutionGuid = {8BE6AD39-88AC-458C-88C5-8BED6416E0E7}
	EndGlobalSection
EndGlobal
