
Microsoft Visual Studio Solution File, Format Version 12.00
# Visual Studio Version 17
VisualStudioVersion = 17.4.33122.133
MinimumVisualStudioVersion = 10.0.40219.1
Project("{FAE04EC0-301F-11D3-BF4B-00C04F79EFBC}") = "Actividad10", "Actividad10\Actividad10.csproj", "{81D2FCAE-9769-494F-B275-3C917C2D2D12}"
EndProject
Global
	GlobalSection(SolutionConfigurationPlatforms) = preSolution
		Debug|Any CPU = Debug|Any CPU
		Release|Any CPU = Release|Any CPU
	EndGlobalSection
	GlobalSection(ProjectConfigurationPlatforms) = postSolution
		{81D2FCAE-9769-494F-B275-3C917C2D2D12}.Debug|Any CPU.ActiveCfg = Debug|Any CPU
		{81D2FCAE-9769-494F-B275-3C917C2D2D12}.Debug|Any CPU.Build.0 = Debug|Any CPU
		{81D2FCAE-9769-494F-B275-3C917C2D2D12}.Release|Any CPU.ActiveCfg = Release|Any CPU
		{81D2FCAE-9769-494F-B275-3C917C2D2D12}.Release|Any CPU.Build.0 = Release|Any CPU
	EndGlobalSection
	GlobalSection(SolutionProperties) = preSolution
		HideSolutionNode = FALSE
	EndGlobalSection
	GlobalSection(ExtensibilityGlobals) = postSolution
		SolutionGuid = {7B978FC4-215D-4C3D-89C0-93AC3C2A18AC}
	EndGlobalSection
EndGlobal
