
Microsoft Visual Studio Solution File, Format Version 12.00
# Visual Studio Version 17
VisualStudioVersion = 17.4.33213.308
MinimumVisualStudioVersion = 10.0.40219.1
Project("{FAE04EC0-301F-11D3-BF4B-00C04F79EFBC}") = "Actividad8", "Actividad3\Actividad8.csproj", "{CEC4136C-A15B-4EAF-8690-3FF9AC916B0F}"
EndProject
Global
	GlobalSection(SolutionConfigurationPlatforms) = preSolution
		Debug|Any CPU = Debug|Any CPU
		Release|Any CPU = Release|Any CPU
	EndGlobalSection
	GlobalSection(ProjectConfigurationPlatforms) = postSolution
		{CEC4136C-A15B-4EAF-8690-3FF9AC916B0F}.Debug|Any CPU.ActiveCfg = Debug|Any CPU
		{CEC4136C-A15B-4EAF-8690-3FF9AC916B0F}.Debug|Any CPU.Build.0 = Debug|Any CPU
		{CEC4136C-A15B-4EAF-8690-3FF9AC916B0F}.Release|Any CPU.ActiveCfg = Release|Any CPU
		{CEC4136C-A15B-4EAF-8690-3FF9AC916B0F}.Release|Any CPU.Build.0 = Release|Any CPU
	EndGlobalSection
	GlobalSection(SolutionProperties) = preSolution
		HideSolutionNode = FALSE
	EndGlobalSection
	GlobalSection(ExtensibilityGlobals) = postSolution
		SolutionGuid = {75DAEE2F-D354-4D63-979A-B04EB4D470F5}
	EndGlobalSection
EndGlobal
