
Microsoft Visual Studio Solution File, Format Version 12.00
# Visual Studio Version 17
VisualStudioVersion = 17.6.33723.286
MinimumVisualStudioVersion = 10.0.40219.1
Project("{FAE04EC0-301F-11D3-BF4B-00C04F79EFBC}") = "Actividad1", "Actividad1\Actividad1.csproj", "{4CC2FB04-7190-43F0-8433-8A9FB9EB6581}"
EndProject
Global
	GlobalSection(SolutionConfigurationPlatforms) = preSolution
		Debug|Any CPU = Debug|Any CPU
		Release|Any CPU = Release|Any CPU
	EndGlobalSection
	GlobalSection(ProjectConfigurationPlatforms) = postSolution
		{4CC2FB04-7190-43F0-8433-8A9FB9EB6581}.Debug|Any CPU.ActiveCfg = Debug|Any CPU
		{4CC2FB04-7190-43F0-8433-8A9FB9EB6581}.Debug|Any CPU.Build.0 = Debug|Any CPU
		{4CC2FB04-7190-43F0-8433-8A9FB9EB6581}.Release|Any CPU.ActiveCfg = Release|Any CPU
		{4CC2FB04-7190-43F0-8433-8A9FB9EB6581}.Release|Any CPU.Build.0 = Release|Any CPU
	EndGlobalSection
	GlobalSection(SolutionProperties) = preSolution
		HideSolutionNode = FALSE
	EndGlobalSection
	GlobalSection(ExtensibilityGlobals) = postSolution
		SolutionGuid = {87684C8B-146A-4567-B1E0-A47EDF0D69A9}
	EndGlobalSection
EndGlobal
