
Microsoft Visual Studio Solution File, Format Version 12.00
# Visual Studio Version 17
VisualStudioVersion = 17.8.34511.84
MinimumVisualStudioVersion = 10.0.40219.1
Project("{FAE04EC0-301F-11D3-BF4B-00C04F79EFBC}") = "Actividad1", "Actviidad1\Actividad1.csproj", "{13443B28-8FF0-4549-B9BE-3A136BD9A0AD}"
EndProject
Global
	GlobalSection(SolutionConfigurationPlatforms) = preSolution
		Debug|Any CPU = Debug|Any CPU
		Release|Any CPU = Release|Any CPU
	EndGlobalSection
	GlobalSection(ProjectConfigurationPlatforms) = postSolution
		{13443B28-8FF0-4549-B9BE-3A136BD9A0AD}.Debug|Any CPU.ActiveCfg = Debug|Any CPU
		{13443B28-8FF0-4549-B9BE-3A136BD9A0AD}.Debug|Any CPU.Build.0 = Debug|Any CPU
		{13443B28-8FF0-4549-B9BE-3A136BD9A0AD}.Release|Any CPU.ActiveCfg = Release|Any CPU
		{13443B28-8FF0-4549-B9BE-3A136BD9A0AD}.Release|Any CPU.Build.0 = Release|Any CPU
	EndGlobalSection
	GlobalSection(SolutionProperties) = preSolution
		HideSolutionNode = FALSE
	EndGlobalSection
	GlobalSection(ExtensibilityGlobals) = postSolution
		SolutionGuid = {9A4ABC48-1A7D-4468-BA51-AD5DDBC24124}
	EndGlobalSection
EndGlobal
